// !$*UTF8*$!
{
	archiveVersion = 1;
	classes = {
	};
	objectVersion = 56;
	objects = {

/* Begin PBXBuildFile section */
		17DEAD0F05052DBFD832C3E9 /* Pods_To_do_list_Yandex.framework in Frameworks */ = {isa = PBXBuildFile; fileRef = F04F89CB2B2A870030970C04 /* Pods_To_do_list_Yandex.framework */; };
		331AB67D2A3859F100EFDD49 /* AppDelegate.swift in Sources */ = {isa = PBXBuildFile; fileRef = 331AB67C2A3859F100EFDD49 /* AppDelegate.swift */; };
		331AB67F2A3859F100EFDD49 /* SceneDelegate.swift in Sources */ = {isa = PBXBuildFile; fileRef = 331AB67E2A3859F100EFDD49 /* SceneDelegate.swift */; };
		331AB6812A3859F100EFDD49 /* ViewController.swift in Sources */ = {isa = PBXBuildFile; fileRef = 331AB6802A3859F100EFDD49 /* ViewController.swift */; };
		331AB6862A3859F500EFDD49 /* Assets.xcassets in Resources */ = {isa = PBXBuildFile; fileRef = 331AB6852A3859F500EFDD49 /* Assets.xcassets */; };
		331AB6892A3859F500EFDD49 /* LaunchScreen.storyboard in Resources */ = {isa = PBXBuildFile; fileRef = 331AB6872A3859F500EFDD49 /* LaunchScreen.storyboard */; };
		331AB6942A3859F600EFDD49 /* To_do_list_YandexTests.swift in Sources */ = {isa = PBXBuildFile; fileRef = 331AB6932A3859F600EFDD49 /* To_do_list_YandexTests.swift */; };
		331AB69E2A3859F600EFDD49 /* TodolistYandexUITests.swift in Sources */ = {isa = PBXBuildFile; fileRef = 331AB69D2A3859F600EFDD49 /* TodolistYandexUITests.swift */; };
		331AB6A02A3859F600EFDD49 /* TodolistYandexUITestsLaunchTests.swift in Sources */ = {isa = PBXBuildFile; fileRef = 331AB69F2A3859F600EFDD49 /* TodolistYandexUITestsLaunchTests.swift */; };
		3345CCDC2A462D7800BBEC77 /* SpectrumView.swift in Sources */ = {isa = PBXBuildFile; fileRef = 3345CCDB2A462D7800BBEC77 /* SpectrumView.swift */; };
		3345CCE02A462EB400BBEC77 /* ColorPicker.swift in Sources */ = {isa = PBXBuildFile; fileRef = 3345CCDF2A462EB400BBEC77 /* ColorPicker.swift */; };
		3345CCE22A46313300BBEC77 /* TodoItemColorPickerView.swift in Sources */ = {isa = PBXBuildFile; fileRef = 3345CCE12A46313300BBEC77 /* TodoItemColorPickerView.swift */; };
		3360AC5B2A58D68600222DB7 /* URLSessionExtension.swift in Sources */ = {isa = PBXBuildFile; fileRef = 3360AC5A2A58D68600222DB7 /* URLSessionExtension.swift */; };
		3360AC5D2A58D6A400222DB7 /* DefaultNetworkingService.swift in Sources */ = {isa = PBXBuildFile; fileRef = 3360AC5C2A58D6A400222DB7 /* DefaultNetworkingService.swift */; };
		33673A0A2A4F1A4300B8C2C3 /* MyLibrary in Frameworks */ = {isa = PBXBuildFile; productRef = 33673A092A4F1A4300B8C2C3 /* MyLibrary */; };
		33673A0D2A4F874200B8C2C3 /* TodoListHeaderView.swift in Sources */ = {isa = PBXBuildFile; fileRef = 33673A0C2A4F874200B8C2C3 /* TodoListHeaderView.swift */; };
		33B1203E2A6172450060DF0C /* CoreDataCache.swift in Sources */ = {isa = PBXBuildFile; fileRef = 33B1203D2A6172450060DF0C /* CoreDataCache.swift */; };
		33B1208E2A61BB080060DF0C /* CoreDataContainer.swift in Sources */ = {isa = PBXBuildFile; fileRef = 33B1208D2A61BB080060DF0C /* CoreDataContainer.swift */; };
		33B1209F2A61C7250060DF0C /* CoreData.xcdatamodeld in Sources */ = {isa = PBXBuildFile; fileRef = 33B1209D2A61C7250060DF0C /* CoreData.xcdatamodeld */; };
		33BD028F2A4C9D49009BF494 /* TodoListTableViewCell.swift in Sources */ = {isa = PBXBuildFile; fileRef = 33BD028E2A4C9D49009BF494 /* TodoListTableViewCell.swift */; };
		33BE54032A43698B00696222 /* TodoItemDetailsViewController.swift in Sources */ = {isa = PBXBuildFile; fileRef = 33BE54022A43698B00696222 /* TodoItemDetailsViewController.swift */; };
		33BE54062A4385A500696222 /* Fonts.swift in Sources */ = {isa = PBXBuildFile; fileRef = 33BE54052A4385A500696222 /* Fonts.swift */; };
		33BE54082A4392B000696222 /* Colors.swift in Sources */ = {isa = PBXBuildFile; fileRef = 33BE54072A4392B000696222 /* Colors.swift */; };
		33BE540A2A4395EE00696222 /* Images.swift in Sources */ = {isa = PBXBuildFile; fileRef = 33BE54092A4395EE00696222 /* Images.swift */; };
		33BE540C2A44535100696222 /* TodoItemImportanceView.swift in Sources */ = {isa = PBXBuildFile; fileRef = 33BE540B2A44535100696222 /* TodoItemImportanceView.swift */; };
		33BE54142A446FE600696222 /* TodoItemTextView.swift in Sources */ = {isa = PBXBuildFile; fileRef = 33BE54132A446FE600696222 /* TodoItemTextView.swift */; };
		33BE541A2A44899200696222 /* TodoItemDetailsView.swift in Sources */ = {isa = PBXBuildFile; fileRef = 33BE54192A44899200696222 /* TodoItemDetailsView.swift */; };
		33BE541C2A448EF300696222 /* TodoItemDeadlineView.swift in Sources */ = {isa = PBXBuildFile; fileRef = 33BE541B2A448EF200696222 /* TodoItemDeadlineView.swift */; };
		33BE541E2A448F6000696222 /* DividerView.swift in Sources */ = {isa = PBXBuildFile; fileRef = 33BE541D2A448F6000696222 /* DividerView.swift */; };
		33BE54202A45871200696222 /* TodoItemDeleteButtonView.swift in Sources */ = {isa = PBXBuildFile; fileRef = 33BE541F2A45871200696222 /* TodoItemDeleteButtonView.swift */; };
		33F585AD2A606DBE00721154 /* SQLite in Frameworks */ = {isa = PBXBuildFile; productRef = 33F585AC2A606DBE00721154 /* SQLite */; };
		33F585B02A6076C800721154 /* DatabaseCache.swift in Sources */ = {isa = PBXBuildFile; fileRef = 33F585AF2A6076C800721154 /* DatabaseCache.swift */; };
		6F5A02DC1FEDE3D6E78E3CEE /* Pods_To_do_list_YandexTests.framework in Frameworks */ = {isa = PBXBuildFile; fileRef = 5BBA928E6988263E4FD68B1D /* Pods_To_do_list_YandexTests.framework */; };
		995B4B06C0D3EEEE5F6931C6 /* Pods_To_do_list_Yandex_To_do_list_YandexUITests.framework in Frameworks */ = {isa = PBXBuildFile; fileRef = 4F2A8FE5EDFBBA095855DCEC /* Pods_To_do_list_Yandex_To_do_list_YandexUITests.framework */; };
/* End PBXBuildFile section */

/* Begin PBXContainerItemProxy section */
		331AB6902A3859F600EFDD49 /* PBXContainerItemProxy */ = {
			isa = PBXContainerItemProxy;
			containerPortal = 331AB6712A3859F100EFDD49 /* Project object */;
			proxyType = 1;
			remoteGlobalIDString = 331AB6782A3859F100EFDD49;
			remoteInfo = To_do_list_Yandex;
		};
		331AB69A2A3859F600EFDD49 /* PBXContainerItemProxy */ = {
			isa = PBXContainerItemProxy;
			containerPortal = 331AB6712A3859F100EFDD49 /* Project object */;
			proxyType = 1;
			remoteGlobalIDString = 331AB6782A3859F100EFDD49;
			remoteInfo = To_do_list_Yandex;
		};
/* End PBXContainerItemProxy section */

/* Begin PBXFileReference section */
		331AB6792A3859F100EFDD49 /* To_do_list_Yandex.app */ = {isa = PBXFileReference; explicitFileType = wrapper.application; includeInIndex = 0; path = To_do_list_Yandex.app; sourceTree = BUILT_PRODUCTS_DIR; };
		331AB67C2A3859F100EFDD49 /* AppDelegate.swift */ = {isa = PBXFileReference; lastKnownFileType = sourcecode.swift; path = AppDelegate.swift; sourceTree = "<group>"; };
		331AB67E2A3859F100EFDD49 /* SceneDelegate.swift */ = {isa = PBXFileReference; lastKnownFileType = sourcecode.swift; path = SceneDelegate.swift; sourceTree = "<group>"; };
		331AB6802A3859F100EFDD49 /* ViewController.swift */ = {isa = PBXFileReference; lastKnownFileType = sourcecode.swift; path = ViewController.swift; sourceTree = "<group>"; };
		331AB6852A3859F500EFDD49 /* Assets.xcassets */ = {isa = PBXFileReference; lastKnownFileType = folder.assetcatalog; path = Assets.xcassets; sourceTree = "<group>"; };
		331AB6882A3859F500EFDD49 /* Base */ = {isa = PBXFileReference; lastKnownFileType = file.storyboard; name = Base; path = Base.lproj/LaunchScreen.storyboard; sourceTree = "<group>"; };
		331AB68A2A3859F500EFDD49 /* Info.plist */ = {isa = PBXFileReference; lastKnownFileType = text.plist.xml; path = Info.plist; sourceTree = "<group>"; };
		331AB68F2A3859F600EFDD49 /* To_do_list_YandexTests.xctest */ = {isa = PBXFileReference; explicitFileType = wrapper.cfbundle; includeInIndex = 0; path = To_do_list_YandexTests.xctest; sourceTree = BUILT_PRODUCTS_DIR; };
		331AB6932A3859F600EFDD49 /* To_do_list_YandexTests.swift */ = {isa = PBXFileReference; lastKnownFileType = sourcecode.swift; path = To_do_list_YandexTests.swift; sourceTree = "<group>"; };
		331AB6992A3859F600EFDD49 /* To_do_list_YandexUITests.xctest */ = {isa = PBXFileReference; explicitFileType = wrapper.cfbundle; includeInIndex = 0; path = To_do_list_YandexUITests.xctest; sourceTree = BUILT_PRODUCTS_DIR; };
		331AB69D2A3859F600EFDD49 /* TodolistYandexUITests.swift */ = {isa = PBXFileReference; lastKnownFileType = sourcecode.swift; path = TodolistYandexUITests.swift; sourceTree = "<group>"; };
		331AB69F2A3859F600EFDD49 /* TodolistYandexUITestsLaunchTests.swift */ = {isa = PBXFileReference; lastKnownFileType = sourcecode.swift; path = TodolistYandexUITestsLaunchTests.swift; sourceTree = "<group>"; };
		3345CCDB2A462D7800BBEC77 /* SpectrumView.swift */ = {isa = PBXFileReference; lastKnownFileType = sourcecode.swift; path = SpectrumView.swift; sourceTree = "<group>"; };
		3345CCDF2A462EB400BBEC77 /* ColorPicker.swift */ = {isa = PBXFileReference; lastKnownFileType = sourcecode.swift; path = ColorPicker.swift; sourceTree = "<group>"; };
		3345CCE12A46313300BBEC77 /* TodoItemColorPickerView.swift */ = {isa = PBXFileReference; lastKnownFileType = sourcecode.swift; path = TodoItemColorPickerView.swift; sourceTree = "<group>"; };
		3360AC5A2A58D68600222DB7 /* URLSessionExtension.swift */ = {isa = PBXFileReference; lastKnownFileType = sourcecode.swift; path = URLSessionExtension.swift; sourceTree = "<group>"; };
		3360AC5C2A58D6A400222DB7 /* DefaultNetworkingService.swift */ = {isa = PBXFileReference; fileEncoding = 4; lastKnownFileType = sourcecode.swift; path = DefaultNetworkingService.swift; sourceTree = "<group>"; };
		33673A0C2A4F874200B8C2C3 /* TodoListHeaderView.swift */ = {isa = PBXFileReference; lastKnownFileType = sourcecode.swift; path = TodoListHeaderView.swift; sourceTree = "<group>"; };
		33B1203D2A6172450060DF0C /* CoreDataCache.swift */ = {isa = PBXFileReference; lastKnownFileType = sourcecode.swift; path = CoreDataCache.swift; sourceTree = "<group>"; };
		33B1208D2A61BB080060DF0C /* CoreDataContainer.swift */ = {isa = PBXFileReference; lastKnownFileType = sourcecode.swift; path = CoreDataContainer.swift; sourceTree = "<group>"; };
		33B1209E2A61C7250060DF0C /* CoreData.xcdatamodel */ = {isa = PBXFileReference; lastKnownFileType = wrapper.xcdatamodel; path = CoreData.xcdatamodel; sourceTree = "<group>"; };
		33BD028E2A4C9D49009BF494 /* TodoListTableViewCell.swift */ = {isa = PBXFileReference; lastKnownFileType = sourcecode.swift; path = TodoListTableViewCell.swift; sourceTree = "<group>"; };
		33BE54022A43698B00696222 /* TodoItemDetailsViewController.swift */ = {isa = PBXFileReference; lastKnownFileType = sourcecode.swift; path = TodoItemDetailsViewController.swift; sourceTree = "<group>"; };
		33BE54052A4385A500696222 /* Fonts.swift */ = {isa = PBXFileReference; lastKnownFileType = sourcecode.swift; path = Fonts.swift; sourceTree = "<group>"; };
		33BE54072A4392B000696222 /* Colors.swift */ = {isa = PBXFileReference; lastKnownFileType = sourcecode.swift; path = Colors.swift; sourceTree = "<group>"; };
		33BE54092A4395EE00696222 /* Images.swift */ = {isa = PBXFileReference; lastKnownFileType = sourcecode.swift; path = Images.swift; sourceTree = "<group>"; };
		33BE540B2A44535100696222 /* TodoItemImportanceView.swift */ = {isa = PBXFileReference; lastKnownFileType = sourcecode.swift; path = TodoItemImportanceView.swift; sourceTree = "<group>"; };
		33BE54132A446FE600696222 /* TodoItemTextView.swift */ = {isa = PBXFileReference; lastKnownFileType = sourcecode.swift; path = TodoItemTextView.swift; sourceTree = "<group>"; };
		33BE54192A44899200696222 /* TodoItemDetailsView.swift */ = {isa = PBXFileReference; lastKnownFileType = sourcecode.swift; path = TodoItemDetailsView.swift; sourceTree = "<group>"; };
		33BE541B2A448EF200696222 /* TodoItemDeadlineView.swift */ = {isa = PBXFileReference; lastKnownFileType = sourcecode.swift; path = TodoItemDeadlineView.swift; sourceTree = "<group>"; };
		33BE541D2A448F6000696222 /* DividerView.swift */ = {isa = PBXFileReference; lastKnownFileType = sourcecode.swift; path = DividerView.swift; sourceTree = "<group>"; };
		33BE541F2A45871200696222 /* TodoItemDeleteButtonView.swift */ = {isa = PBXFileReference; lastKnownFileType = sourcecode.swift; path = TodoItemDeleteButtonView.swift; sourceTree = "<group>"; };
		33F585AF2A6076C800721154 /* DatabaseCache.swift */ = {isa = PBXFileReference; lastKnownFileType = sourcecode.swift; path = DatabaseCache.swift; sourceTree = "<group>"; };
		4F2A8FE5EDFBBA095855DCEC /* Pods_To_do_list_Yandex_To_do_list_YandexUITests.framework */ = {isa = PBXFileReference; explicitFileType = wrapper.framework; includeInIndex = 0; path = Pods_To_do_list_Yandex_To_do_list_YandexUITests.framework; sourceTree = BUILT_PRODUCTS_DIR; };
		512D20F801B93D374CAA0EF1 /* Pods-To_do_list_Yandex-To_do_list_YandexUITests.release.xcconfig */ = {isa = PBXFileReference; includeInIndex = 1; lastKnownFileType = text.xcconfig; name = "Pods-To_do_list_Yandex-To_do_list_YandexUITests.release.xcconfig"; path = "Target Support Files/Pods-To_do_list_Yandex-To_do_list_YandexUITests/Pods-To_do_list_Yandex-To_do_list_YandexUITests.release.xcconfig"; sourceTree = "<group>"; };
		5BBA928E6988263E4FD68B1D /* Pods_To_do_list_YandexTests.framework */ = {isa = PBXFileReference; explicitFileType = wrapper.framework; includeInIndex = 0; path = Pods_To_do_list_YandexTests.framework; sourceTree = BUILT_PRODUCTS_DIR; };
		65F028DB1978A714C54677D4 /* Pods-To_do_list_Yandex.debug.xcconfig */ = {isa = PBXFileReference; includeInIndex = 1; lastKnownFileType = text.xcconfig; name = "Pods-To_do_list_Yandex.debug.xcconfig"; path = "Target Support Files/Pods-To_do_list_Yandex/Pods-To_do_list_Yandex.debug.xcconfig"; sourceTree = "<group>"; };
		6829F62E48BDB8C953348D3C /* Pods-To_do_list_YandexTests.debug.xcconfig */ = {isa = PBXFileReference; includeInIndex = 1; lastKnownFileType = text.xcconfig; name = "Pods-To_do_list_YandexTests.debug.xcconfig"; path = "Target Support Files/Pods-To_do_list_YandexTests/Pods-To_do_list_YandexTests.debug.xcconfig"; sourceTree = "<group>"; };
		E2A63B12F4727B4E1FB45F8F /* Pods-To_do_list_YandexTests.release.xcconfig */ = {isa = PBXFileReference; includeInIndex = 1; lastKnownFileType = text.xcconfig; name = "Pods-To_do_list_YandexTests.release.xcconfig"; path = "Target Support Files/Pods-To_do_list_YandexTests/Pods-To_do_list_YandexTests.release.xcconfig"; sourceTree = "<group>"; };
		E57196220A94CE14AFD19C3B /* Pods-To_do_list_Yandex.release.xcconfig */ = {isa = PBXFileReference; includeInIndex = 1; lastKnownFileType = text.xcconfig; name = "Pods-To_do_list_Yandex.release.xcconfig"; path = "Target Support Files/Pods-To_do_list_Yandex/Pods-To_do_list_Yandex.release.xcconfig"; sourceTree = "<group>"; };
		F04F89CB2B2A870030970C04 /* Pods_To_do_list_Yandex.framework */ = {isa = PBXFileReference; explicitFileType = wrapper.framework; includeInIndex = 0; path = Pods_To_do_list_Yandex.framework; sourceTree = BUILT_PRODUCTS_DIR; };
		FF21242C176D94B5DC1DBFCB /* Pods-To_do_list_Yandex-To_do_list_YandexUITests.debug.xcconfig */ = {isa = PBXFileReference; includeInIndex = 1; lastKnownFileType = text.xcconfig; name = "Pods-To_do_list_Yandex-To_do_list_YandexUITests.debug.xcconfig"; path = "Target Support Files/Pods-To_do_list_Yandex-To_do_list_YandexUITests/Pods-To_do_list_Yandex-To_do_list_YandexUITests.debug.xcconfig"; sourceTree = "<group>"; };
/* End PBXFileReference section */

/* Begin PBXFrameworksBuildPhase section */
		331AB6762A3859F100EFDD49 /* Frameworks */ = {
			isa = PBXFrameworksBuildPhase;
			buildActionMask = 2147483647;
			files = (
				33F585AD2A606DBE00721154 /* SQLite in Frameworks */,
				33673A0A2A4F1A4300B8C2C3 /* MyLibrary in Frameworks */,
				17DEAD0F05052DBFD832C3E9 /* Pods_To_do_list_Yandex.framework in Frameworks */,
			);
			runOnlyForDeploymentPostprocessing = 0;
		};
		331AB68C2A3859F600EFDD49 /* Frameworks */ = {
			isa = PBXFrameworksBuildPhase;
			buildActionMask = 2147483647;
			files = (
				6F5A02DC1FEDE3D6E78E3CEE /* Pods_To_do_list_YandexTests.framework in Frameworks */,
			);
			runOnlyForDeploymentPostprocessing = 0;
		};
		331AB6962A3859F600EFDD49 /* Frameworks */ = {
			isa = PBXFrameworksBuildPhase;
			buildActionMask = 2147483647;
			files = (
				995B4B06C0D3EEEE5F6931C6 /* Pods_To_do_list_Yandex_To_do_list_YandexUITests.framework in Frameworks */,
			);
			runOnlyForDeploymentPostprocessing = 0;
		};
/* End PBXFrameworksBuildPhase section */

/* Begin PBXGroup section */
		18EF323F4B7F9137A1DB4828 /* Pods */ = {
			isa = PBXGroup;
			children = (
				65F028DB1978A714C54677D4 /* Pods-To_do_list_Yandex.debug.xcconfig */,
				E57196220A94CE14AFD19C3B /* Pods-To_do_list_Yandex.release.xcconfig */,
				FF21242C176D94B5DC1DBFCB /* Pods-To_do_list_Yandex-To_do_list_YandexUITests.debug.xcconfig */,
				512D20F801B93D374CAA0EF1 /* Pods-To_do_list_Yandex-To_do_list_YandexUITests.release.xcconfig */,
				6829F62E48BDB8C953348D3C /* Pods-To_do_list_YandexTests.debug.xcconfig */,
				E2A63B12F4727B4E1FB45F8F /* Pods-To_do_list_YandexTests.release.xcconfig */,
			);
			path = Pods;
			sourceTree = "<group>";
		};
		331AB6702A3859F100EFDD49 = {
			isa = PBXGroup;
			children = (
				331AB67B2A3859F100EFDD49 /* To_do_list_Yandex */,
				331AB6922A3859F600EFDD49 /* To_do_list_YandexTests */,
				331AB69C2A3859F600EFDD49 /* To_do_list_YandexUITests */,
				331AB67A2A3859F100EFDD49 /* Products */,
				18EF323F4B7F9137A1DB4828 /* Pods */,
				96016318FAFFD94D7A2FFE7D /* Frameworks */,
			);
			sourceTree = "<group>";
		};
		331AB67A2A3859F100EFDD49 /* Products */ = {
			isa = PBXGroup;
			children = (
				331AB6792A3859F100EFDD49 /* To_do_list_Yandex.app */,
				331AB68F2A3859F600EFDD49 /* To_do_list_YandexTests.xctest */,
				331AB6992A3859F600EFDD49 /* To_do_list_YandexUITests.xctest */,
			);
			name = Products;
			sourceTree = "<group>";
		};
		331AB67B2A3859F100EFDD49 /* To_do_list_Yandex */ = {
			isa = PBXGroup;
			children = (
				33BE54002A43073B00696222 /* Application */,
				3345CCE32A466D5E00BBEC77 /* Networking */,
				33F585AE2A6076A300721154 /* Model */,
				33413D1E2A58138C0086ACA7 /* Views */,
				33BE54042A43698F00696222 /* Controllers */,
				33BE53FF2A43061000696222 /* Resources */,
				331AB6872A3859F500EFDD49 /* LaunchScreen.storyboard */,
				331AB68A2A3859F500EFDD49 /* Info.plist */,
			);
			path = To_do_list_Yandex;
			sourceTree = "<group>";
		};
		331AB6922A3859F600EFDD49 /* To_do_list_YandexTests */ = {
			isa = PBXGroup;
			children = (
				331AB6932A3859F600EFDD49 /* To_do_list_YandexTests.swift */,
			);
			path = To_do_list_YandexTests;
			sourceTree = "<group>";
		};
		331AB69C2A3859F600EFDD49 /* To_do_list_YandexUITests */ = {
			isa = PBXGroup;
			children = (
				331AB69D2A3859F600EFDD49 /* TodolistYandexUITests.swift */,
				331AB69F2A3859F600EFDD49 /* TodolistYandexUITestsLaunchTests.swift */,
			);
			path = To_do_list_YandexUITests;
			sourceTree = "<group>";
		};
		33413D1E2A58138C0086ACA7 /* Views */ = {
			isa = PBXGroup;
			children = (
				33BD028D2A4C9D1B009BF494 /* TodoListView */,
				33BE54152A447FD600696222 /* TodoItemDetailsView */,
			);
			path = Views;
			sourceTree = "<group>";
		};
		3345CCE32A466D5E00BBEC77 /* Networking */ = {
			isa = PBXGroup;
			children = (
				3360AC5C2A58D6A400222DB7 /* DefaultNetworkingService.swift */,
				3360AC5A2A58D68600222DB7 /* URLSessionExtension.swift */,
			);
			path = Networking;
			sourceTree = "<group>";
		};
		33BD028D2A4C9D1B009BF494 /* TodoListView */ = {
			isa = PBXGroup;
			children = (
				33BD028E2A4C9D49009BF494 /* TodoListTableViewCell.swift */,
				33673A0C2A4F874200B8C2C3 /* TodoListHeaderView.swift */,
			);
			path = TodoListView;
			sourceTree = "<group>";
		};
		33BE53FF2A43061000696222 /* Resources */ = {
			isa = PBXGroup;
			children = (
				331AB6852A3859F500EFDD49 /* Assets.xcassets */,
				33BE54052A4385A500696222 /* Fonts.swift */,
				33BE54072A4392B000696222 /* Colors.swift */,
				33BE54092A4395EE00696222 /* Images.swift */,
			);
			path = Resources;
			sourceTree = "<group>";
		};
		33BE54002A43073B00696222 /* Application */ = {
			isa = PBXGroup;
			children = (
				331AB67C2A3859F100EFDD49 /* AppDelegate.swift */,
				331AB67E2A3859F100EFDD49 /* SceneDelegate.swift */,
			);
			path = Application;
			sourceTree = "<group>";
		};
		33BE54012A43074800696222 /* DetailsView */ = {
			isa = PBXGroup;
			children = (
				33BE54192A44899200696222 /* TodoItemDetailsView.swift */,
				33BE540B2A44535100696222 /* TodoItemImportanceView.swift */,
				33BE541D2A448F6000696222 /* DividerView.swift */,
				33BE541B2A448EF200696222 /* TodoItemDeadlineView.swift */,
				3345CCDB2A462D7800BBEC77 /* SpectrumView.swift */,
				3345CCDF2A462EB400BBEC77 /* ColorPicker.swift */,
				3345CCE12A46313300BBEC77 /* TodoItemColorPickerView.swift */,
			);
			path = DetailsView;
			sourceTree = "<group>";
		};
		33BE54042A43698F00696222 /* Controllers */ = {
			isa = PBXGroup;
			children = (
				331AB6802A3859F100EFDD49 /* ViewController.swift */,
				33BE54022A43698B00696222 /* TodoItemDetailsViewController.swift */,
			);
			path = Controllers;
			sourceTree = "<group>";
		};
		33BE54152A447FD600696222 /* TodoItemDetailsView */ = {
			isa = PBXGroup;
			children = (
				33BE54132A446FE600696222 /* TodoItemTextView.swift */,
				33BE54012A43074800696222 /* DetailsView */,
				33BE541F2A45871200696222 /* TodoItemDeleteButtonView.swift */,
			);
			path = TodoItemDetailsView;
			sourceTree = "<group>";
		};
		33F585AE2A6076A300721154 /* Model */ = {
			isa = PBXGroup;
			children = (
				33F585AF2A6076C800721154 /* DatabaseCache.swift */,
				33B1209D2A61C7250060DF0C /* CoreData.xcdatamodeld */,
				33B1203D2A6172450060DF0C /* CoreDataCache.swift */,
				33B1208D2A61BB080060DF0C /* CoreDataContainer.swift */,
			);
			path = Model;
			sourceTree = "<group>";
		};
		96016318FAFFD94D7A2FFE7D /* Frameworks */ = {
			isa = PBXGroup;
			children = (
				F04F89CB2B2A870030970C04 /* Pods_To_do_list_Yandex.framework */,
				4F2A8FE5EDFBBA095855DCEC /* Pods_To_do_list_Yandex_To_do_list_YandexUITests.framework */,
				5BBA928E6988263E4FD68B1D /* Pods_To_do_list_YandexTests.framework */,
			);
			name = Frameworks;
			sourceTree = "<group>";
		};
/* End PBXGroup section */

/* Begin PBXNativeTarget section */
		331AB6782A3859F100EFDD49 /* To_do_list_Yandex */ = {
			isa = PBXNativeTarget;
			buildConfigurationList = 331AB6A32A3859F600EFDD49 /* Build configuration list for PBXNativeTarget "To_do_list_Yandex" */;
			buildPhases = (
				17478433855F7B11934BFD2A /* [CP] Check Pods Manifest.lock */,
				331AB6752A3859F100EFDD49 /* Sources */,
				331AB6762A3859F100EFDD49 /* Frameworks */,
				331AB6772A3859F100EFDD49 /* Resources */,
				33673A0B2A4F275B00B8C2C3 /* ShellScript */,
			);
			buildRules = (
			);
			dependencies = (
			);
			name = To_do_list_Yandex;
			packageProductDependencies = (
				33673A092A4F1A4300B8C2C3 /* MyLibrary */,
				33F585AC2A606DBE00721154 /* SQLite */,
			);
			productName = To_do_list_Yandex;
			productReference = 331AB6792A3859F100EFDD49 /* To_do_list_Yandex.app */;
			productType = "com.apple.product-type.application";
		};
		331AB68E2A3859F600EFDD49 /* To_do_list_YandexTests */ = {
			isa = PBXNativeTarget;
			buildConfigurationList = 331AB6A62A3859F600EFDD49 /* Build configuration list for PBXNativeTarget "To_do_list_YandexTests" */;
			buildPhases = (
				84020F586525C11335F04239 /* [CP] Check Pods Manifest.lock */,
				331AB68B2A3859F600EFDD49 /* Sources */,
				331AB68C2A3859F600EFDD49 /* Frameworks */,
				331AB68D2A3859F600EFDD49 /* Resources */,
			);
			buildRules = (
			);
			dependencies = (
				331AB6912A3859F600EFDD49 /* PBXTargetDependency */,
			);
			name = To_do_list_YandexTests;
			productName = To_do_list_YandexTests;
			productReference = 331AB68F2A3859F600EFDD49 /* To_do_list_YandexTests.xctest */;
			productType = "com.apple.product-type.bundle.unit-test";
		};
		331AB6982A3859F600EFDD49 /* To_do_list_YandexUITests */ = {
			isa = PBXNativeTarget;
			buildConfigurationList = 331AB6A92A3859F600EFDD49 /* Build configuration list for PBXNativeTarget "To_do_list_YandexUITests" */;
			buildPhases = (
				0CDB544D826F553E6F08F2BF /* [CP] Check Pods Manifest.lock */,
				331AB6952A3859F600EFDD49 /* Sources */,
				331AB6962A3859F600EFDD49 /* Frameworks */,
				331AB6972A3859F600EFDD49 /* Resources */,
			);
			buildRules = (
			);
			dependencies = (
				331AB69B2A3859F600EFDD49 /* PBXTargetDependency */,
			);
			name = To_do_list_YandexUITests;
			productName = To_do_list_YandexUITests;
			productReference = 331AB6992A3859F600EFDD49 /* To_do_list_YandexUITests.xctest */;
			productType = "com.apple.product-type.bundle.ui-testing";
		};
/* End PBXNativeTarget section */

/* Begin PBXProject section */
		331AB6712A3859F100EFDD49 /* Project object */ = {
			isa = PBXProject;
			attributes = {
				BuildIndependentTargetsInParallel = 1;
				LastSwiftUpdateCheck = 1430;
				LastUpgradeCheck = 1430;
				TargetAttributes = {
					331AB6782A3859F100EFDD49 = {
						CreatedOnToolsVersion = 14.3;
					};
					331AB68E2A3859F600EFDD49 = {
						CreatedOnToolsVersion = 14.3;
						TestTargetID = 331AB6782A3859F100EFDD49;
					};
					331AB6982A3859F600EFDD49 = {
						CreatedOnToolsVersion = 14.3;
						TestTargetID = 331AB6782A3859F100EFDD49;
					};
				};
			};
			buildConfigurationList = 331AB6742A3859F100EFDD49 /* Build configuration list for PBXProject "To_do_list_Yandex" */;
			compatibilityVersion = "Xcode 14.0";
			developmentRegion = en;
			hasScannedForEncodings = 0;
			knownRegions = (
				en,
				Base,
			);
			mainGroup = 331AB6702A3859F100EFDD49;
			packageReferences = (
				33F585AB2A606DBE00721154 /* XCRemoteSwiftPackageReference "SQLite.swift" */,
			);
			productRefGroup = 331AB67A2A3859F100EFDD49 /* Products */;
			projectDirPath = "";
			projectRoot = "";
			targets = (
				331AB6782A3859F100EFDD49 /* To_do_list_Yandex */,
				331AB68E2A3859F600EFDD49 /* To_do_list_YandexTests */,
				331AB6982A3859F600EFDD49 /* To_do_list_YandexUITests */,
			);
		};
/* End PBXProject section */

/* Begin PBXResourcesBuildPhase section */
		331AB6772A3859F100EFDD49 /* Resources */ = {
			isa = PBXResourcesBuildPhase;
			buildActionMask = 2147483647;
			files = (
				331AB6892A3859F500EFDD49 /* LaunchScreen.storyboard in Resources */,
				331AB6862A3859F500EFDD49 /* Assets.xcassets in Resources */,
			);
			runOnlyForDeploymentPostprocessing = 0;
		};
		331AB68D2A3859F600EFDD49 /* Resources */ = {
			isa = PBXResourcesBuildPhase;
			buildActionMask = 2147483647;
			files = (
			);
			runOnlyForDeploymentPostprocessing = 0;
		};
		331AB6972A3859F600EFDD49 /* Resources */ = {
			isa = PBXResourcesBuildPhase;
			buildActionMask = 2147483647;
			files = (
			);
			runOnlyForDeploymentPostprocessing = 0;
		};
/* End PBXResourcesBuildPhase section */

/* Begin PBXShellScriptBuildPhase section */
		0CDB544D826F553E6F08F2BF /* [CP] Check Pods Manifest.lock */ = {
			isa = PBXShellScriptBuildPhase;
			buildActionMask = 2147483647;
			files = (
			);
			inputFileListPaths = (
			);
			inputPaths = (
				"${PODS_PODFILE_DIR_PATH}/Podfile.lock",
				"${PODS_ROOT}/Manifest.lock",
			);
			name = "[CP] Check Pods Manifest.lock";
			outputFileListPaths = (
			);
			outputPaths = (
				"$(DERIVED_FILE_DIR)/Pods-To_do_list_Yandex-To_do_list_YandexUITests-checkManifestLockResult.txt",
			);
			runOnlyForDeploymentPostprocessing = 0;
			shellPath = /bin/sh;
			shellScript = "diff \"${PODS_PODFILE_DIR_PATH}/Podfile.lock\" \"${PODS_ROOT}/Manifest.lock\" > /dev/null\nif [ $? != 0 ] ; then\n    # print error to STDERR\n    echo \"error: The sandbox is not in sync with the Podfile.lock. Run 'pod install' or update your CocoaPods installation.\" >&2\n    exit 1\nfi\n# This output is used by Xcode 'outputs' to avoid re-running this script phase.\necho \"SUCCESS\" > \"${SCRIPT_OUTPUT_FILE_0}\"\n";
			showEnvVarsInLog = 0;
		};
		17478433855F7B11934BFD2A /* [CP] Check Pods Manifest.lock */ = {
			isa = PBXShellScriptBuildPhase;
			buildActionMask = 2147483647;
			files = (
			);
			inputFileListPaths = (
			);
			inputPaths = (
				"${PODS_PODFILE_DIR_PATH}/Podfile.lock",
				"${PODS_ROOT}/Manifest.lock",
			);
			name = "[CP] Check Pods Manifest.lock";
			outputFileListPaths = (
			);
			outputPaths = (
				"$(DERIVED_FILE_DIR)/Pods-To_do_list_Yandex-checkManifestLockResult.txt",
			);
			runOnlyForDeploymentPostprocessing = 0;
			shellPath = /bin/sh;
			shellScript = "diff \"${PODS_PODFILE_DIR_PATH}/Podfile.lock\" \"${PODS_ROOT}/Manifest.lock\" > /dev/null\nif [ $? != 0 ] ; then\n    # print error to STDERR\n    echo \"error: The sandbox is not in sync with the Podfile.lock. Run 'pod install' or update your CocoaPods installation.\" >&2\n    exit 1\nfi\n# This output is used by Xcode 'outputs' to avoid re-running this script phase.\necho \"SUCCESS\" > \"${SCRIPT_OUTPUT_FILE_0}\"\n";
			showEnvVarsInLog = 0;
		};
		33673A0B2A4F275B00B8C2C3 /* ShellScript */ = {
			isa = PBXShellScriptBuildPhase;
			alwaysOutOfDate = 1;
			buildActionMask = 12;
			files = (
			);
			inputFileListPaths = (
			);
			inputPaths = (
			);
			outputFileListPaths = (
			);
			outputPaths = (
			);
			runOnlyForDeploymentPostprocessing = 0;
			shellPath = /bin/sh;
			shellScript = "# Type a script or drag a script file from your workspace to insert its path.\n#if which swiftlint > /dev/null; then\n#  swiftlint\n#else\n#  echo \"warning: SwiftLint not installed, download from https://github.com/realm/SwiftLint\"\n#fi\n";
		};
		84020F586525C11335F04239 /* [CP] Check Pods Manifest.lock */ = {
			isa = PBXShellScriptBuildPhase;
			buildActionMask = 2147483647;
			files = (
			);
			inputFileListPaths = (
			);
			inputPaths = (
				"${PODS_PODFILE_DIR_PATH}/Podfile.lock",
				"${PODS_ROOT}/Manifest.lock",
			);
			name = "[CP] Check Pods Manifest.lock";
			outputFileListPaths = (
			);
			outputPaths = (
				"$(DERIVED_FILE_DIR)/Pods-To_do_list_YandexTests-checkManifestLockResult.txt",
			);
			runOnlyForDeploymentPostprocessing = 0;
			shellPath = /bin/sh;
			shellScript = "diff \"${PODS_PODFILE_DIR_PATH}/Podfile.lock\" \"${PODS_ROOT}/Manifest.lock\" > /dev/null\nif [ $? != 0 ] ; then\n    # print error to STDERR\n    echo \"error: The sandbox is not in sync with the Podfile.lock. Run 'pod install' or update your CocoaPods installation.\" >&2\n    exit 1\nfi\n# This output is used by Xcode 'outputs' to avoid re-running this script phase.\necho \"SUCCESS\" > \"${SCRIPT_OUTPUT_FILE_0}\"\n";
			showEnvVarsInLog = 0;
		};
/* End PBXShellScriptBuildPhase section */

/* Begin PBXSourcesBuildPhase section */
		331AB6752A3859F100EFDD49 /* Sources */ = {
			isa = PBXSourcesBuildPhase;
			buildActionMask = 2147483647;
			files = (
				33B1203E2A6172450060DF0C /* CoreDataCache.swift in Sources */,
				33BD028F2A4C9D49009BF494 /* TodoListTableViewCell.swift in Sources */,
				33B1209F2A61C7250060DF0C /* CoreData.xcdatamodeld in Sources */,
				33BE541C2A448EF300696222 /* TodoItemDeadlineView.swift in Sources */,
				33BE54062A4385A500696222 /* Fonts.swift in Sources */,
				33F585B02A6076C800721154 /* DatabaseCache.swift in Sources */,
				33BE541E2A448F6000696222 /* DividerView.swift in Sources */,
				33BE54082A4392B000696222 /* Colors.swift in Sources */,
				33BE54202A45871200696222 /* TodoItemDeleteButtonView.swift in Sources */,
				33B1208E2A61BB080060DF0C /* CoreDataContainer.swift in Sources */,
				33BE540C2A44535100696222 /* TodoItemImportanceView.swift in Sources */,
				3345CCE02A462EB400BBEC77 /* ColorPicker.swift in Sources */,
				331AB6812A3859F100EFDD49 /* ViewController.swift in Sources */,
				331AB67D2A3859F100EFDD49 /* AppDelegate.swift in Sources */,
				3345CCE22A46313300BBEC77 /* TodoItemColorPickerView.swift in Sources */,
				33BE54142A446FE600696222 /* TodoItemTextView.swift in Sources */,
				33BE540A2A4395EE00696222 /* Images.swift in Sources */,
				3345CCDC2A462D7800BBEC77 /* SpectrumView.swift in Sources */,
				3360AC5B2A58D68600222DB7 /* URLSessionExtension.swift in Sources */,
				331AB67F2A3859F100EFDD49 /* SceneDelegate.swift in Sources */,
				33BE541A2A44899200696222 /* TodoItemDetailsView.swift in Sources */,
				33BE54032A43698B00696222 /* TodoItemDetailsViewController.swift in Sources */,
				33673A0D2A4F874200B8C2C3 /* TodoListHeaderView.swift in Sources */,
				3360AC5D2A58D6A400222DB7 /* DefaultNetworkingService.swift in Sources */,
			);
			runOnlyForDeploymentPostprocessing = 0;
		};
		331AB68B2A3859F600EFDD49 /* Sources */ = {
			isa = PBXSourcesBuildPhase;
			buildActionMask = 2147483647;
			files = (
				331AB6942A3859F600EFDD49 /* To_do_list_YandexTests.swift in Sources */,
			);
			runOnlyForDeploymentPostprocessing = 0;
		};
		331AB6952A3859F600EFDD49 /* Sources */ = {
			isa = PBXSourcesBuildPhase;
			buildActionMask = 2147483647;
			files = (
				331AB69E2A3859F600EFDD49 /* TodolistYandexUITests.swift in Sources */,
				331AB6A02A3859F600EFDD49 /* TodolistYandexUITestsLaunchTests.swift in Sources */,
			);
			runOnlyForDeploymentPostprocessing = 0;
		};
/* End PBXSourcesBuildPhase section */

/* Begin PBXTargetDependency section */
		331AB6912A3859F600EFDD49 /* PBXTargetDependency */ = {
			isa = PBXTargetDependency;
			target = 331AB6782A3859F100EFDD49 /* To_do_list_Yandex */;
			targetProxy = 331AB6902A3859F600EFDD49 /* PBXContainerItemProxy */;
		};
		331AB69B2A3859F600EFDD49 /* PBXTargetDependency */ = {
			isa = PBXTargetDependency;
			target = 331AB6782A3859F100EFDD49 /* To_do_list_Yandex */;
			targetProxy = 331AB69A2A3859F600EFDD49 /* PBXContainerItemProxy */;
		};
/* End PBXTargetDependency section */

/* Begin PBXVariantGroup section */
		331AB6872A3859F500EFDD49 /* LaunchScreen.storyboard */ = {
			isa = PBXVariantGroup;
			children = (
				331AB6882A3859F500EFDD49 /* Base */,
			);
			name = LaunchScreen.storyboard;
			sourceTree = "<group>";
		};
/* End PBXVariantGroup section */

/* Begin XCBuildConfiguration section */
		331AB6A12A3859F600EFDD49 /* Debug */ = {
			isa = XCBuildConfiguration;
			buildSettings = {
				ALWAYS_SEARCH_USER_PATHS = NO;
				CLANG_ANALYZER_NONNULL = YES;
				CLANG_ANALYZER_NUMBER_OBJECT_CONVERSION = YES_AGGRESSIVE;
				CLANG_CXX_LANGUAGE_STANDARD = "gnu++20";
				CLANG_ENABLE_MODULES = YES;
				CLANG_ENABLE_OBJC_ARC = YES;
				CLANG_ENABLE_OBJC_WEAK = YES;
				CLANG_WARN_BLOCK_CAPTURE_AUTORELEASING = YES;
				CLANG_WARN_BOOL_CONVERSION = YES;
				CLANG_WARN_COMMA = YES;
				CLANG_WARN_CONSTANT_CONVERSION = YES;
				CLANG_WARN_DEPRECATED_OBJC_IMPLEMENTATIONS = YES;
				CLANG_WARN_DIRECT_OBJC_ISA_USAGE = YES_ERROR;
				CLANG_WARN_DOCUMENTATION_COMMENTS = YES;
				CLANG_WARN_EMPTY_BODY = YES;
				CLANG_WARN_ENUM_CONVERSION = YES;
				CLANG_WARN_INFINITE_RECURSION = YES;
				CLANG_WARN_INT_CONVERSION = YES;
				CLANG_WARN_NON_LITERAL_NULL_CONVERSION = YES;
				CLANG_WARN_OBJC_IMPLICIT_RETAIN_SELF = YES;
				CLANG_WARN_OBJC_LITERAL_CONVERSION = YES;
				CLANG_WARN_OBJC_ROOT_CLASS = YES_ERROR;
				CLANG_WARN_QUOTED_INCLUDE_IN_FRAMEWORK_HEADER = YES;
				CLANG_WARN_RANGE_LOOP_ANALYSIS = YES;
				CLANG_WARN_STRICT_PROTOTYPES = YES;
				CLANG_WARN_SUSPICIOUS_MOVE = YES;
				CLANG_WARN_UNGUARDED_AVAILABILITY = YES_AGGRESSIVE;
				CLANG_WARN_UNREACHABLE_CODE = YES;
				CLANG_WARN__DUPLICATE_METHOD_MATCH = YES;
				COPY_PHASE_STRIP = NO;
				DEBUG_INFORMATION_FORMAT = dwarf;
				ENABLE_STRICT_OBJC_MSGSEND = YES;
				ENABLE_TESTABILITY = YES;
				GCC_C_LANGUAGE_STANDARD = gnu11;
				GCC_DYNAMIC_NO_PIC = NO;
				GCC_NO_COMMON_BLOCKS = YES;
				GCC_OPTIMIZATION_LEVEL = 0;
				GCC_PREPROCESSOR_DEFINITIONS = (
					"DEBUG=1",
					"$(inherited)",
				);
				GCC_WARN_64_TO_32_BIT_CONVERSION = YES;
				GCC_WARN_ABOUT_RETURN_TYPE = YES_ERROR;
				GCC_WARN_UNDECLARED_SELECTOR = YES;
				GCC_WARN_UNINITIALIZED_AUTOS = YES_AGGRESSIVE;
				GCC_WARN_UNUSED_FUNCTION = YES;
				GCC_WARN_UNUSED_VARIABLE = YES;
				IPHONEOS_DEPLOYMENT_TARGET = 16.4;
				MTL_ENABLE_DEBUG_INFO = INCLUDE_SOURCE;
				MTL_FAST_MATH = YES;
				ONLY_ACTIVE_ARCH = YES;
				SDKROOT = iphoneos;
				SWIFT_ACTIVE_COMPILATION_CONDITIONS = DEBUG;
				SWIFT_OPTIMIZATION_LEVEL = "-Onone";
			};
			name = Debug;
		};
		331AB6A22A3859F600EFDD49 /* Release */ = {
			isa = XCBuildConfiguration;
			buildSettings = {
				ALWAYS_SEARCH_USER_PATHS = NO;
				CLANG_ANALYZER_NONNULL = YES;
				CLANG_ANALYZER_NUMBER_OBJECT_CONVERSION = YES_AGGRESSIVE;
				CLANG_CXX_LANGUAGE_STANDARD = "gnu++20";
				CLANG_ENABLE_MODULES = YES;
				CLANG_ENABLE_OBJC_ARC = YES;
				CLANG_ENABLE_OBJC_WEAK = YES;
				CLANG_WARN_BLOCK_CAPTURE_AUTORELEASING = YES;
				CLANG_WARN_BOOL_CONVERSION = YES;
				CLANG_WARN_COMMA = YES;
				CLANG_WARN_CONSTANT_CONVERSION = YES;
				CLANG_WARN_DEPRECATED_OBJC_IMPLEMENTATIONS = YES;
				CLANG_WARN_DIRECT_OBJC_ISA_USAGE = YES_ERROR;
				CLANG_WARN_DOCUMENTATION_COMMENTS = YES;
				CLANG_WARN_EMPTY_BODY = YES;
				CLANG_WARN_ENUM_CONVERSION = YES;
				CLANG_WARN_INFINITE_RECURSION = YES;
				CLANG_WARN_INT_CONVERSION = YES;
				CLANG_WARN_NON_LITERAL_NULL_CONVERSION = YES;
				CLANG_WARN_OBJC_IMPLICIT_RETAIN_SELF = YES;
				CLANG_WARN_OBJC_LITERAL_CONVERSION = YES;
				CLANG_WARN_OBJC_ROOT_CLASS = YES_ERROR;
				CLANG_WARN_QUOTED_INCLUDE_IN_FRAMEWORK_HEADER = YES;
				CLANG_WARN_RANGE_LOOP_ANALYSIS = YES;
				CLANG_WARN_STRICT_PROTOTYPES = YES;
				CLANG_WARN_SUSPICIOUS_MOVE = YES;
				CLANG_WARN_UNGUARDED_AVAILABILITY = YES_AGGRESSIVE;
				CLANG_WARN_UNREACHABLE_CODE = YES;
				CLANG_WARN__DUPLICATE_METHOD_MATCH = YES;
				COPY_PHASE_STRIP = NO;
				DEBUG_INFORMATION_FORMAT = "dwarf-with-dsym";
				ENABLE_NS_ASSERTIONS = NO;
				ENABLE_STRICT_OBJC_MSGSEND = YES;
				GCC_C_LANGUAGE_STANDARD = gnu11;
				GCC_NO_COMMON_BLOCKS = YES;
				GCC_WARN_64_TO_32_BIT_CONVERSION = YES;
				GCC_WARN_ABOUT_RETURN_TYPE = YES_ERROR;
				GCC_WARN_UNDECLARED_SELECTOR = YES;
				GCC_WARN_UNINITIALIZED_AUTOS = YES_AGGRESSIVE;
				GCC_WARN_UNUSED_FUNCTION = YES;
				GCC_WARN_UNUSED_VARIABLE = YES;
				IPHONEOS_DEPLOYMENT_TARGET = 16.4;
				MTL_ENABLE_DEBUG_INFO = NO;
				MTL_FAST_MATH = YES;
				SDKROOT = iphoneos;
				SWIFT_COMPILATION_MODE = wholemodule;
				SWIFT_OPTIMIZATION_LEVEL = "-O";
				VALIDATE_PRODUCT = YES;
			};
			name = Release;
		};
		331AB6A42A3859F600EFDD49 /* Debug */ = {
			isa = XCBuildConfiguration;
			baseConfigurationReference = 65F028DB1978A714C54677D4 /* Pods-To_do_list_Yandex.debug.xcconfig */;
			buildSettings = {
				ASSETCATALOG_COMPILER_APPICON_NAME = AppIcon;
				ASSETCATALOG_COMPILER_GLOBAL_ACCENT_COLOR_NAME = AccentColor;
				CODE_SIGN_STYLE = Automatic;
				CURRENT_PROJECT_VERSION = 1;
				DEVELOPMENT_TEAM = 92698MMMCG;
				GENERATE_INFOPLIST_FILE = YES;
				INFOPLIST_FILE = To_do_list_Yandex/Info.plist;
				INFOPLIST_KEY_UIApplicationSupportsIndirectInputEvents = YES;
				INFOPLIST_KEY_UILaunchStoryboardName = LaunchScreen;
				INFOPLIST_KEY_UISupportedInterfaceOrientations_iPad = "UIInterfaceOrientationPortrait UIInterfaceOrientationPortraitUpsideDown UIInterfaceOrientationLandscapeLeft UIInterfaceOrientationLandscapeRight";
				INFOPLIST_KEY_UISupportedInterfaceOrientations_iPhone = "UIInterfaceOrientationPortrait UIInterfaceOrientationLandscapeLeft UIInterfaceOrientationLandscapeRight";
				LD_RUNPATH_SEARCH_PATHS = (
					"$(inherited)",
					"@executable_path/Frameworks",
				);
				MARKETING_VERSION = 1.0;
				PRODUCT_BUNDLE_IDENTIFIER = "com.DiasMurzagaliyev.To-do-list-Yandex";
				PRODUCT_NAME = "$(TARGET_NAME)";
				SWIFT_EMIT_LOC_STRINGS = YES;
				SWIFT_STRICT_CONCURRENCY = complete;
				SWIFT_VERSION = 5.0;
				TARGETED_DEVICE_FAMILY = "1,2";
			};
			name = Debug;
		};
		331AB6A52A3859F600EFDD49 /* Release */ = {
			isa = XCBuildConfiguration;
			baseConfigurationReference = E57196220A94CE14AFD19C3B /* Pods-To_do_list_Yandex.release.xcconfig */;
			buildSettings = {
				ASSETCATALOG_COMPILER_APPICON_NAME = AppIcon;
				ASSETCATALOG_COMPILER_GLOBAL_ACCENT_COLOR_NAME = AccentColor;
				CODE_SIGN_STYLE = Automatic;
				CURRENT_PROJECT_VERSION = 1;
				DEVELOPMENT_TEAM = 92698MMMCG;
				GENERATE_INFOPLIST_FILE = YES;
				INFOPLIST_FILE = To_do_list_Yandex/Info.plist;
				INFOPLIST_KEY_UIApplicationSupportsIndirectInputEvents = YES;
				INFOPLIST_KEY_UILaunchStoryboardName = LaunchScreen;
				INFOPLIST_KEY_UISupportedInterfaceOrientations_iPad = "UIInterfaceOrientationPortrait UIInterfaceOrientationPortraitUpsideDown UIInterfaceOrientationLandscapeLeft UIInterfaceOrientationLandscapeRight";
				INFOPLIST_KEY_UISupportedInterfaceOrientations_iPhone = "UIInterfaceOrientationPortrait UIInterfaceOrientationLandscapeLeft UIInterfaceOrientationLandscapeRight";
				LD_RUNPATH_SEARCH_PATHS = (
					"$(inherited)",
					"@executable_path/Frameworks",
				);
				MARKETING_VERSION = 1.0;
				PRODUCT_BUNDLE_IDENTIFIER = "com.DiasMurzagaliyev.To-do-list-Yandex";
				PRODUCT_NAME = "$(TARGET_NAME)";
				SWIFT_EMIT_LOC_STRINGS = YES;
				SWIFT_STRICT_CONCURRENCY = complete;
				SWIFT_VERSION = 5.0;
				TARGETED_DEVICE_FAMILY = "1,2";
			};
			name = Release;
		};
		331AB6A72A3859F600EFDD49 /* Debug */ = {
			isa = XCBuildConfiguration;
			baseConfigurationReference = 6829F62E48BDB8C953348D3C /* Pods-To_do_list_YandexTests.debug.xcconfig */;
			buildSettings = {
				ALWAYS_EMBED_SWIFT_STANDARD_LIBRARIES = YES;
				BUNDLE_LOADER = "$(TEST_HOST)";
				CODE_SIGN_STYLE = Automatic;
				CURRENT_PROJECT_VERSION = 1;
				DEVELOPMENT_TEAM = 92698MMMCG;
				GENERATE_INFOPLIST_FILE = YES;
				IPHONEOS_DEPLOYMENT_TARGET = 16.4;
				MARKETING_VERSION = 1.0;
				PRODUCT_BUNDLE_IDENTIFIER = "com.DiasMurzagaliyev.To-do-list-YandexTests";
				PRODUCT_NAME = "$(TARGET_NAME)";
				SWIFT_EMIT_LOC_STRINGS = NO;
				SWIFT_VERSION = 5.0;
				TARGETED_DEVICE_FAMILY = "1,2";
				TEST_HOST = "$(BUILT_PRODUCTS_DIR)/To_do_list_Yandex.app/$(BUNDLE_EXECUTABLE_FOLDER_PATH)/To_do_list_Yandex";
			};
			name = Debug;
		};
		331AB6A82A3859F600EFDD49 /* Release */ = {
			isa = XCBuildConfiguration;
			baseConfigurationReference = E2A63B12F4727B4E1FB45F8F /* Pods-To_do_list_YandexTests.release.xcconfig */;
			buildSettings = {
				ALWAYS_EMBED_SWIFT_STANDARD_LIBRARIES = YES;
				BUNDLE_LOADER = "$(TEST_HOST)";
				CODE_SIGN_STYLE = Automatic;
				CURRENT_PROJECT_VERSION = 1;
				DEVELOPMENT_TEAM = 92698MMMCG;
				GENERATE_INFOPLIST_FILE = YES;
				IPHONEOS_DEPLOYMENT_TARGET = 16.4;
				MARKETING_VERSION = 1.0;
				PRODUCT_BUNDLE_IDENTIFIER = "com.DiasMurzagaliyev.To-do-list-YandexTests";
				PRODUCT_NAME = "$(TARGET_NAME)";
				SWIFT_EMIT_LOC_STRINGS = NO;
				SWIFT_VERSION = 5.0;
				TARGETED_DEVICE_FAMILY = "1,2";
				TEST_HOST = "$(BUILT_PRODUCTS_DIR)/To_do_list_Yandex.app/$(BUNDLE_EXECUTABLE_FOLDER_PATH)/To_do_list_Yandex";
			};
			name = Release;
		};
		331AB6AA2A3859F600EFDD49 /* Debug */ = {
			isa = XCBuildConfiguration;
			baseConfigurationReference = FF21242C176D94B5DC1DBFCB /* Pods-To_do_list_Yandex-To_do_list_YandexUITests.debug.xcconfig */;
			buildSettings = {
				ALWAYS_EMBED_SWIFT_STANDARD_LIBRARIES = YES;
				CODE_SIGN_STYLE = Automatic;
				CURRENT_PROJECT_VERSION = 1;
				DEVELOPMENT_TEAM = 92698MMMCG;
				GENERATE_INFOPLIST_FILE = YES;
				MARKETING_VERSION = 1.0;
				PRODUCT_BUNDLE_IDENTIFIER = "com.DiasMurzagaliyev.To-do-list-YandexUITests";
				PRODUCT_NAME = "$(TARGET_NAME)";
				SWIFT_EMIT_LOC_STRINGS = NO;
				SWIFT_VERSION = 5.0;
				TARGETED_DEVICE_FAMILY = "1,2";
				TEST_TARGET_NAME = To_do_list_Yandex;
			};
			name = Debug;
		};
		331AB6AB2A3859F600EFDD49 /* Release */ = {
			isa = XCBuildConfiguration;
			baseConfigurationReference = 512D20F801B93D374CAA0EF1 /* Pods-To_do_list_Yandex-To_do_list_YandexUITests.release.xcconfig */;
			buildSettings = {
				ALWAYS_EMBED_SWIFT_STANDARD_LIBRARIES = YES;
				CODE_SIGN_STYLE = Automatic;
				CURRENT_PROJECT_VERSION = 1;
				DEVELOPMENT_TEAM = 92698MMMCG;
				GENERATE_INFOPLIST_FILE = YES;
				MARKETING_VERSION = 1.0;
				PRODUCT_BUNDLE_IDENTIFIER = "com.DiasMurzagaliyev.To-do-list-YandexUITests";
				PRODUCT_NAME = "$(TARGET_NAME)";
				SWIFT_EMIT_LOC_STRINGS = NO;
				SWIFT_VERSION = 5.0;
				TARGETED_DEVICE_FAMILY = "1,2";
				TEST_TARGET_NAME = To_do_list_Yandex;
			};
			name = Release;
		};
/* End XCBuildConfiguration section */

/* Begin XCConfigurationList section */
		331AB6742A3859F100EFDD49 /* Build configuration list for PBXProject "To_do_list_Yandex" */ = {
			isa = XCConfigurationList;
			buildConfigurations = (
				331AB6A12A3859F600EFDD49 /* Debug */,
				331AB6A22A3859F600EFDD49 /* Release */,
			);
			defaultConfigurationIsVisible = 0;
			defaultConfigurationName = Release;
		};
		331AB6A32A3859F600EFDD49 /* Build configuration list for PBXNativeTarget "To_do_list_Yandex" */ = {
			isa = XCConfigurationList;
			buildConfigurations = (
				331AB6A42A3859F600EFDD49 /* Debug */,
				331AB6A52A3859F600EFDD49 /* Release */,
			);
			defaultConfigurationIsVisible = 0;
			defaultConfigurationName = Release;
		};
		331AB6A62A3859F600EFDD49 /* Build configuration list for PBXNativeTarget "To_do_list_YandexTests" */ = {
			isa = XCConfigurationList;
			buildConfigurations = (
				331AB6A72A3859F600EFDD49 /* Debug */,
				331AB6A82A3859F600EFDD49 /* Release */,
			);
			defaultConfigurationIsVisible = 0;
			defaultConfigurationName = Release;
		};
		331AB6A92A3859F600EFDD49 /* Build configuration list for PBXNativeTarget "To_do_list_YandexUITests" */ = {
			isa = XCConfigurationList;
			buildConfigurations = (
				331AB6AA2A3859F600EFDD49 /* Debug */,
				331AB6AB2A3859F600EFDD49 /* Release */,
			);
			defaultConfigurationIsVisible = 0;
			defaultConfigurationName = Release;
		};
/* End XCConfigurationList section */

/* Begin XCRemoteSwiftPackageReference section */
		33F585AB2A606DBE00721154 /* XCRemoteSwiftPackageReference "SQLite.swift" */ = {
			isa = XCRemoteSwiftPackageReference;
			repositoryURL = "https://github.com/stephencelis/SQLite.swift.git";
			requirement = {
				kind = upToNextMajorVersion;
				minimumVersion = 0.14.1;
			};
		};
/* End XCRemoteSwiftPackageReference section */

/* Begin XCSwiftPackageProductDependency section */
		33673A092A4F1A4300B8C2C3 /* MyLibrary */ = {
			isa = XCSwiftPackageProductDependency;
			productName = MyLibrary;
		};
		33F585AC2A606DBE00721154 /* SQLite */ = {
			isa = XCSwiftPackageProductDependency;
			package = 33F585AB2A606DBE00721154 /* XCRemoteSwiftPackageReference "SQLite.swift" */;
			productName = SQLite;
		};
/* End XCSwiftPackageProductDependency section */

/* Begin XCVersionGroup section */
		33B1209D2A61C7250060DF0C /* CoreData.xcdatamodeld */ = {
			isa = XCVersionGroup;
			children = (
				33B1209E2A61C7250060DF0C /* CoreData.xcdatamodel */,
			);
			currentVersion = 33B1209E2A61C7250060DF0C /* CoreData.xcdatamodel */;
			path = CoreData.xcdatamodeld;
			sourceTree = "<group>";
			versionGroupType = wrapper.xcdatamodel;
		};
/* End XCVersionGroup section */
	};
	rootObject = 331AB6712A3859F100EFDD49 /* Project object */;
}
